// !$*UTF8*$!
{
	archiveVersion = 1;
	classes = {
	};
	objectVersion = 46;
	objects = {

/* Begin PBXBuildFile section */
		076B66F81D8A99EA00E23939 /* CircleButton.swift in Sources */ = {isa = PBXBuildFile; fileRef = 076B66F71D8A99EA00E23939 /* CircleButton.swift */; };
		07C2AB691D8A948B00E06886 /* AppDelegate.swift in Sources */ = {isa = PBXBuildFile; fileRef = 07C2AB681D8A948B00E06886 /* AppDelegate.swift */; };
		07C2AB6B1D8A948B00E06886 /* ViewController.swift in Sources */ = {isa = PBXBuildFile; fileRef = 07C2AB6A1D8A948B00E06886 /* ViewController.swift */; };
		07C2AB6E1D8A948B00E06886 /* Main.storyboard in Resources */ = {isa = PBXBuildFile; fileRef = 07C2AB6C1D8A948B00E06886 /* Main.storyboard */; };
		07C2AB701D8A948B00E06886 /* Assets.xcassets in Resources */ = {isa = PBXBuildFile; fileRef = 07C2AB6F1D8A948B00E06886 /* Assets.xcassets */; };
		07C2AB731D8A948B00E06886 /* LaunchScreen.storyboard in Resources */ = {isa = PBXBuildFile; fileRef = 07C2AB711D8A948B00E06886 /* LaunchScreen.storyboard */; };
/* End PBXBuildFile section */

/* Begin PBXFileReference section */
		076B66F71D8A99EA00E23939 /* CircleButton.swift */ = {isa = PBXFileReference; fileEncoding = 4; lastKnownFileType = sourcecode.swift; path = CircleButton.swift; sourceTree = "<group>"; };
		07C2AB651D8A948B00E06886 /* Scribe.app */ = {isa = PBXFileReference; explicitFileType = wrapper.application; includeInIndex = 0; path = Scribe.app; sourceTree = BUILT_PRODUCTS_DIR; };
		07C2AB681D8A948B00E06886 /* AppDelegate.swift */ = {isa = PBXFileReference; lastKnownFileType = sourcecode.swift; path = AppDelegate.swift; sourceTree = "<group>"; };
		07C2AB6A1D8A948B00E06886 /* ViewController.swift */ = {isa = PBXFileReference; lastKnownFileType = sourcecode.swift; path = ViewController.swift; sourceTree = "<group>"; };
		07C2AB6D1D8A948B00E06886 /* Base */ = {isa = PBXFileReference; lastKnownFileType = file.storyboard; name = Base; path = Base.lproj/Main.storyboard; sourceTree = "<group>"; };
		07C2AB6F1D8A948B00E06886 /* Assets.xcassets */ = {isa = PBXFileReference; lastKnownFileType = folder.assetcatalog; path = Assets.xcassets; sourceTree = "<group>"; };
		07C2AB721D8A948B00E06886 /* Base */ = {isa = PBXFileReference; lastKnownFileType = file.storyboard; name = Base; path = Base.lproj/LaunchScreen.storyboard; sourceTree = "<group>"; };
		07C2AB741D8A948B00E06886 /* Info.plist */ = {isa = PBXFileReference; lastKnownFileType = text.plist.xml; path = Info.plist; sourceTree = "<group>"; };
/* End PBXFileReference section */

/* Begin PBXFrameworksBuildPhase section */
		07C2AB621D8A948B00E06886 /* Frameworks */ = {
			isa = PBXFrameworksBuildPhase;
			buildActionMask = 2147483647;
			files = (
			);
			runOnlyForDeploymentPostprocessing = 0;
		};
/* End PBXFrameworksBuildPhase section */

/* Begin PBXGroup section */
		076B66F41D8A99B400E23939 /* Model */ = {
			isa = PBXGroup;
			children = (
			);
			name = Model;
			sourceTree = "<group>";
		};
		076B66F51D8A99B900E23939 /* View */ = {
			isa = PBXGroup;
			children = (
				076B66F71D8A99EA00E23939 /* CircleButton.swift */,
			);
			name = View;
			sourceTree = "<group>";
		};
		076B66F61D8A99BC00E23939 /* Controller */ = {
			isa = PBXGroup;
			children = (
				07C2AB6A1D8A948B00E06886 /* ViewController.swift */,
			);
			name = Controller;
			sourceTree = "<group>";
		};
		07C2AB5C1D8A948B00E06886 = {
			isa = PBXGroup;
			children = (
				07C2AB671D8A948B00E06886 /* Scribe */,
				07C2AB661D8A948B00E06886 /* Products */,
			);
			sourceTree = "<group>";
		};
		07C2AB661D8A948B00E06886 /* Products */ = {
			isa = PBXGroup;
			children = (
				07C2AB651D8A948B00E06886 /* Scribe.app */,
			);
			name = Products;
			sourceTree = "<group>";
		};
		07C2AB671D8A948B00E06886 /* Scribe */ = {
			isa = PBXGroup;
			children = (
				076B66F41D8A99B400E23939 /* Model */,
				076B66F51D8A99B900E23939 /* View */,
				076B66F61D8A99BC00E23939 /* Controller */,
				07C2AB681D8A948B00E06886 /* AppDelegate.swift */,
				07C2AB6C1D8A948B00E06886 /* Main.storyboard */,
				07C2AB6F1D8A948B00E06886 /* Assets.xcassets */,
				07C2AB711D8A948B00E06886 /* LaunchScreen.storyboard */,
				07C2AB741D8A948B00E06886 /* Info.plist */,
			);
			path = Scribe;
			sourceTree = "<group>";
		};
/* End PBXGroup section */

/* Begin PBXNativeTarget section */
		07C2AB641D8A948B00E06886 /* Scribe */ = {
			isa = PBXNativeTarget;
			buildConfigurationList = 07C2AB771D8A948B00E06886 /* Build configuration list for PBXNativeTarget "Scribe" */;
			buildPhases = (
				07C2AB611D8A948B00E06886 /* Sources */,
				07C2AB621D8A948B00E06886 /* Frameworks */,
				07C2AB631D8A948B00E06886 /* Resources */,
			);
			buildRules = (
			);
			dependencies = (
			);
			name = Scribe;
			productName = Scribe;
			productReference = 07C2AB651D8A948B00E06886 /* Scribe.app */;
			productType = "com.apple.product-type.application";
		};
/* End PBXNativeTarget section */

/* Begin PBXProject section */
		07C2AB5D1D8A948B00E06886 /* Project object */ = {
			isa = PBXProject;
			attributes = {
				LastSwiftUpdateCheck = 0800;
				LastUpgradeCheck = 0800;
				ORGANIZATIONNAME = "Uroš Đurđević";
				TargetAttributes = {
					07C2AB641D8A948B00E06886 = {
						CreatedOnToolsVersion = 8.0;
						ProvisioningStyle = Automatic;
					};
				};
			};
			buildConfigurationList = 07C2AB601D8A948B00E06886 /* Build configuration list for PBXProject "Scribe" */;
			compatibilityVersion = "Xcode 3.2";
			developmentRegion = English;
			hasScannedForEncodings = 0;
			knownRegions = (
				en,
				Base,
			);
			mainGroup = 07C2AB5C1D8A948B00E06886;
			productRefGroup = 07C2AB661D8A948B00E06886 /* Products */;
			projectDirPath = "";
			projectRoot = "";
			targets = (
				07C2AB641D8A948B00E06886 /* Scribe */,
			);
		};
/* End PBXProject section */

/* Begin PBXResourcesBuildPhase section */
		07C2AB631D8A948B00E06886 /* Resources */ = {
			isa = PBXResourcesBuildPhase;
			buildActionMask = 2147483647;
			files = (
				07C2AB731D8A948B00E06886 /* LaunchScreen.storyboard in Resources */,
				07C2AB701D8A948B00E06886 /* Assets.xcassets in Resources */,
				07C2AB6E1D8A948B00E06886 /* Main.storyboard in Resources */,
			);
			runOnlyForDeploymentPostprocessing = 0;
		};
/* End PBXResourcesBuildPhase section */

/* Begin PBXSourcesBuildPhase section */
		07C2AB611D8A948B00E06886 /* Sources */ = {
			isa = PBXSourcesBuildPhase;
			buildActionMask = 2147483647;
			files = (
				076B66F81D8A99EA00E23939 /* CircleButton.swift in Sources */,
				07C2AB6B1D8A948B00E06886 /* ViewController.swift in Sources */,
				07C2AB691D8A948B00E06886 /* AppDelegate.swift in Sources */,
			);
			runOnlyForDeploymentPostprocessing = 0;
		};
/* End PBXSourcesBuildPhase section */

/* Begin PBXVariantGroup section */
		07C2AB6C1D8A948B00E06886 /* Main.storyboard */ = {
			isa = PBXVariantGroup;
			children = (
				07C2AB6D1D8A948B00E06886 /* Base */,
			);
			name = Main.storyboard;
			sourceTree = "<group>";
		};
		07C2AB711D8A948B00E06886 /* LaunchScreen.storyboard */ = {
			isa = PBXVariantGroup;
			children = (
				07C2AB721D8A948B00E06886 /* Base */,
			);
			name = LaunchScreen.storyboard;
			sourceTree = "<group>";
		};
/* End PBXVariantGroup section */

/* Begin XCBuildConfiguration section */
		07C2AB751D8A948B00E06886 /* Debug */ = {
			isa = XCBuildConfiguration;
			buildSettings = {
				ALWAYS_SEARCH_USER_PATHS = NO;
				CLANG_ANALYZER_NONNULL = YES;
				CLANG_CXX_LANGUAGE_STANDARD = "gnu++0x";
				CLANG_CXX_LIBRARY = "libc++";
				CLANG_ENABLE_MODULES = YES;
				CLANG_ENABLE_OBJC_ARC = YES;
				CLANG_WARN_BOOL_CONVERSION = YES;
				CLANG_WARN_CONSTANT_CONVERSION = YES;
				CLANG_WARN_DIRECT_OBJC_ISA_USAGE = YES_ERROR;
				CLANG_WARN_DOCUMENTATION_COMMENTS = YES;
				CLANG_WARN_EMPTY_BODY = YES;
				CLANG_WARN_ENUM_CONVERSION = YES;
				CLANG_WARN_INFINITE_RECURSION = YES;
				CLANG_WARN_INT_CONVERSION = YES;
				CLANG_WARN_OBJC_ROOT_CLASS = YES_ERROR;
				CLANG_WARN_SUSPICIOUS_MOVES = YES;
				CLANG_WARN_UNREACHABLE_CODE = YES;
				CLANG_WARN__DUPLICATE_METHOD_MATCH = YES;
				"CODE_SIGN_IDENTITY[sdk=iphoneos*]" = "iPhone Developer";
				COPY_PHASE_STRIP = NO;
				DEBUG_INFORMATION_FORMAT = dwarf;
				ENABLE_STRICT_OBJC_MSGSEND = YES;
				ENABLE_TESTABILITY = YES;
				GCC_C_LANGUAGE_STANDARD = gnu99;
				GCC_DYNAMIC_NO_PIC = NO;
				GCC_NO_COMMON_BLOCKS = YES;
				GCC_OPTIMIZATION_LEVEL = 0;
				GCC_PREPROCESSOR_DEFINITIONS = (
					"DEBUG=1",
					"$(inherited)",
				);
				GCC_WARN_64_TO_32_BIT_CONVERSION = YES;
				GCC_WARN_ABOUT_RETURN_TYPE = YES_ERROR;
				GCC_WARN_UNDECLARED_SELECTOR = YES;
				GCC_WARN_UNINITIALIZED_AUTOS = YES_AGGRESSIVE;
				GCC_WARN_UNUSED_FUNCTION = YES;
				GCC_WARN_UNUSED_VARIABLE = YES;
				IPHONEOS_DEPLOYMENT_TARGET = 10.0;
				MTL_ENABLE_DEBUG_INFO = YES;
				ONLY_ACTIVE_ARCH = YES;
				SDKROOT = iphoneos;
				SWIFT_ACTIVE_COMPILATION_CONDITIONS = DEBUG;
				SWIFT_OPTIMIZATION_LEVEL = "-Onone";
				TARGETED_DEVICE_FAMILY = "1,2";
			};
			name = Debug;
		};
		07C2AB761D8A948B00E06886 /* Release */ = {
			isa = XCBuildConfiguration;
			buildSettings = {
				ALWAYS_SEARCH_USER_PATHS = NO;
				CLANG_ANALYZER_NONNULL = YES;
				CLANG_CXX_LANGUAGE_STANDARD = "gnu++0x";
				CLANG_CXX_LIBRARY = "libc++";
				CLANG_ENABLE_MODULES = YES;
				CLANG_ENABLE_OBJC_ARC = YES;
				CLANG_WARN_BOOL_CONVERSION = YES;
				CLANG_WARN_CONSTANT_CONVERSION = YES;
				CLANG_WARN_DIRECT_OBJC_ISA_USAGE = YES_ERROR;
				CLANG_WARN_DOCUMENTATION_COMMENTS = YES;
				CLANG_WARN_EMPTY_BODY = YES;
				CLANG_WARN_ENUM_CONVERSION = YES;
				CLANG_WARN_INFINITE_RECURSION = YES;
				CLANG_WARN_INT_CONVERSION = YES;
				CLANG_WARN_OBJC_ROOT_CLASS = YES_ERROR;
				CLANG_WARN_SUSPICIOUS_MOVES = YES;
				CLANG_WARN_UNREACHABLE_CODE = YES;
				CLANG_WARN__DUPLICATE_METHOD_MATCH = YES;
				"CODE_SIGN_IDENTITY[sdk=iphoneos*]" = "iPhone Developer";
				COPY_PHASE_STRIP = NO;
				DEBUG_INFORMATION_FORMAT = "dwarf-with-dsym";
				ENABLE_NS_ASSERTIONS = NO;
				ENABLE_STRICT_OBJC_MSGSEND = YES;
				GCC_C_LANGUAGE_STANDARD = gnu99;
				GCC_NO_COMMON_BLOCKS = YES;
				GCC_WARN_64_TO_32_BIT_CONVERSION = YES;
				GCC_WARN_ABOUT_RETURN_TYPE = YES_ERROR;
				GCC_WARN_UNDECLARED_SELECTOR = YES;
				GCC_WARN_UNINITIALIZED_AUTOS = YES_AGGRESSIVE;
				GCC_WARN_UNUSED_FUNCTION = YES;
				GCC_WARN_UNUSED_VARIABLE = YES;
				IPHONEOS_DEPLOYMENT_TARGET = 10.0;
				MTL_ENABLE_DEBUG_INFO = NO;
				SDKROOT = iphoneos;
				SWIFT_OPTIMIZATION_LEVEL = "-Owholemodule";
				TARGETED_DEVICE_FAMILY = "1,2";
				VALIDATE_PRODUCT = YES;
			};
			name = Release;
		};
		07C2AB781D8A948B00E06886 /* Debug */ = {
			isa = XCBuildConfiguration;
			buildSettings = {
				ASSETCATALOG_COMPILER_APPICON_NAME = AppIcon;
				INFOPLIST_FILE = Scribe/Info.plist;
				LD_RUNPATH_SEARCH_PATHS = "$(inherited) @executable_path/Frameworks";
				PRODUCT_BUNDLE_IDENTIFIER = com.sabidu.Scribe;
				PRODUCT_NAME = "$(TARGET_NAME)";
				SWIFT_VERSION = 3.0;
			};
			name = Debug;
		};
		07C2AB791D8A948B00E06886 /* Release */ = {
			isa = XCBuildConfiguration;
			buildSettings = {
				ASSETCATALOG_COMPILER_APPICON_NAME = AppIcon;
				INFOPLIST_FILE = Scribe/Info.plist;
				LD_RUNPATH_SEARCH_PATHS = "$(inherited) @executable_path/Frameworks";
				PRODUCT_BUNDLE_IDENTIFIER = com.sabidu.Scribe;
				PRODUCT_NAME = "$(TARGET_NAME)";
				SWIFT_VERSION = 3.0;
			};
			name = Release;
		};
/* End XCBuildConfiguration section */

/* Begin XCConfigurationList section */
		07C2AB601D8A948B00E06886 /* Build configuration list for PBXProject "Scribe" */ = {
			isa = XCConfigurationList;
			buildConfigurations = (
				07C2AB751D8A948B00E06886 /* Debug */,
				07C2AB761D8A948B00E06886 /* Release */,
			);
			defaultConfigurationIsVisible = 0;
			defaultConfigurationName = Release;
		};
		07C2AB771D8A948B00E06886 /* Build configuration list for PBXNativeTarget "Scribe" */ = {
			isa = XCConfigurationList;
			buildConfigurations = (
				07C2AB781D8A948B00E06886 /* Debug */,
				07C2AB791D8A948B00E06886 /* Release */,
			);
			defaultConfigurationIsVisible = 0;
			defaultConfigurationName = Release;
		};
/* End XCConfigurationList section */
	};
	rootObject = 07C2AB5D1D8A948B00E06886 /* Project object */;
}
